
Microsoft Visual Studio Solution File, Format Version 12.00
# Visual Studio Version 17
VisualStudioVersion = 17.2.32210.308
MinimumVisualStudioVersion = 10.0.40219.1
Project("{FAE04EC0-301F-11D3-BF4B-00C04F79EFBC}") = "Assign03", "Assign03\Assign03.csproj", "{BE56E1C1-2DF0-43CB-BDE6-6440E25BE4A7}"
EndProject
Global
	GlobalSection(SolutionConfigurationPlatforms) = preSolution
		Debug|Any CPU = Debug|Any CPU
		Release|Any CPU = Release|Any CPU
	EndGlobalSection
	GlobalSection(ProjectConfigurationPlatforms) = postSolution
		{BE56E1C1-2DF0-43CB-BDE6-6440E25BE4A7}.Debug|Any CPU.ActiveCfg = Debug|Any CPU
		{BE56E1C1-2DF0-43CB-BDE6-6440E25BE4A7}.Debug|Any CPU.Build.0 = Debug|Any CPU
		{BE56E1C1-2DF0-43CB-BDE6-6440E25BE4A7}.Release|Any CPU.ActiveCfg = Release|Any CPU
		{BE56E1C1-2DF0-43CB-BDE6-6440E25BE4A7}.Release|Any CPU.Build.0 = Release|Any CPU
	EndGlobalSection
	GlobalSection(SolutionProperties) = preSolution
		HideSolutionNode = FALSE
	EndGlobalSection
	GlobalSection(ExtensibilityGlobals) = postSolution
		SolutionGuid = {0468ED2E-3EBA-4AF4-9E97-B30858ACF8E8}
	EndGlobalSection
EndGlobal
